
Microsoft Visual Studio Solution File, Format Version 12.00
Project("{FAE04EC0-301F-11D3-BF4B-00C04F79EFBC}") = "Lab5.DAL", "Lab5.DAL\Lab5.DAL.csproj", "{EA166240-B9FA-4269-B040-98F873430713}"
EndProject
Project("{FAE04EC0-301F-11D3-BF4B-00C04F79EFBC}") = "Lab5.BLL", "Lab5.BLL\Lab5.BLL.csproj", "{45B58186-B3D9-4ACD-A206-DEC9892C2CF7}"
EndProject
Project("{FAE04EC0-301F-11D3-BF4B-00C04F79EFBC}") = "Lab5.PL", "Lab5.PL\Lab5.PL.csproj", "{ED907F3D-A70B-4340-B489-6F49DA168BAD}"
EndProject
Global
	GlobalSection(SolutionConfigurationPlatforms) = preSolution
		Debug|Any CPU = Debug|Any CPU
		Release|Any CPU = Release|Any CPU
	EndGlobalSection
	GlobalSection(ProjectConfigurationPlatforms) = postSolution
		{EA166240-B9FA-4269-B040-98F873430713}.Debug|Any CPU.ActiveCfg = Debug|Any CPU
		{EA166240-B9FA-4269-B040-98F873430713}.Debug|Any CPU.Build.0 = Debug|Any CPU
		{EA166240-B9FA-4269-B040-98F873430713}.Release|Any CPU.ActiveCfg = Release|Any CPU
		{EA166240-B9FA-4269-B040-98F873430713}.Release|Any CPU.Build.0 = Release|Any CPU
		{45B58186-B3D9-4ACD-A206-DEC9892C2CF7}.Debug|Any CPU.ActiveCfg = Debug|Any CPU
		{45B58186-B3D9-4ACD-A206-DEC9892C2CF7}.Debug|Any CPU.Build.0 = Debug|Any CPU
		{45B58186-B3D9-4ACD-A206-DEC9892C2CF7}.Release|Any CPU.ActiveCfg = Release|Any CPU
		{45B58186-B3D9-4ACD-A206-DEC9892C2CF7}.Release|Any CPU.Build.0 = Release|Any CPU
		{ED907F3D-A70B-4340-B489-6F49DA168BAD}.Debug|Any CPU.ActiveCfg = Debug|Any CPU
		{ED907F3D-A70B-4340-B489-6F49DA168BAD}.Debug|Any CPU.Build.0 = Debug|Any CPU
		{ED907F3D-A70B-4340-B489-6F49DA168BAD}.Release|Any CPU.ActiveCfg = Release|Any CPU
		{ED907F3D-A70B-4340-B489-6F49DA168BAD}.Release|Any CPU.Build.0 = Release|Any CPU
	EndGlobalSection
EndGlobal
